
Microsoft Visual Studio Solution File, Format Version 12.00
# Visual Studio 15
VisualStudioVersion = 15.0.28010.2048
MinimumVisualStudioVersion = 10.0.40219.1
Project("{FAE04EC0-301F-11D3-BF4B-00C04F79EFBC}") = "HomeTask4", "HomeTask4\HomeTask4.csproj", "{2D233AD6-D8C1-4D43-BE0D-D8FB82E94EF4}"
EndProject
Global
	GlobalSection(SolutionConfigurationPlatforms) = preSolution
		Debug|Any CPU = Debug|Any CPU
		Release|Any CPU = Release|Any CPU
	EndGlobalSection
	GlobalSection(ProjectConfigurationPlatforms) = postSolution
		{2D233AD6-D8C1-4D43-BE0D-D8FB82E94EF4}.Debug|Any CPU.ActiveCfg = Debug|Any CPU
		{2D233AD6-D8C1-4D43-BE0D-D8FB82E94EF4}.Debug|Any CPU.Build.0 = Debug|Any CPU
		{2D233AD6-D8C1-4D43-BE0D-D8FB82E94EF4}.Release|Any CPU.ActiveCfg = Release|Any CPU
		{2D233AD6-D8C1-4D43-BE0D-D8FB82E94EF4}.Release|Any CPU.Build.0 = Release|Any CPU
	EndGlobalSection
	GlobalSection(SolutionProperties) = preSolution
		HideSolutionNode = FALSE
	EndGlobalSection
	GlobalSection(ExtensibilityGlobals) = postSolution
		SolutionGuid = {55171909-5C45-491F-9712-166F24505572}
	EndGlobalSection
EndGlobal
